{
  "name": "test-app",
  "lockfileVersion": 3,
  "requires": true,
  "packages": {
    "": {
      "name": "test-app",
      "dependencies": {
        "@vesk/adapter": "file:../packages/adapter",
        "@vesk/cli": "file:../packages/cli",
        "@vesk/compiler": "file:../packages/compiler",
        "@vesk/plugin-tailwind": "file:../packages/plugin-tailwind",
        "@vesk/runtime": "file:../packages/runtime"
      },
      "devDependencies": {
        "@types/node": "^26.1.2",
        "tailwindcss": "^4.0.0",
        "typescript": "^5.8.0"
      }
    },
    "../packages/adapter": {
      "name": "@vesk/adapter",
      "version": "0.1.0",
      "dependencies": {
        "@vesk/compiler": "^0.1.0",
        "@vesk/runtime": "^0.1.0",
        "esbuild": "^0.25.0",
        "sharp": "^0.35.3"
      },
      "bin": {
        "vesk-build": "src/index.js"
      },
      "devDependencies": {
        "@types/ws": "^8.18.1",
        "typescript": "^5.8.0"
      }
    },
    "../packages/cli": {
      "name": "@vesk/cli",
      "version": "0.1.0",
      "dependencies": {
        "@vesk/compiler": "*",
        "@vesk/runtime": "*"
      },
      "bin": {
        "vesk": "dist/cli.js"
      },
      "devDependencies": {
        "typescript": "^5.8.0"
      }
    },
    "../packages/compiler": {
      "name": "@vesk/compiler",
      "version": "0.1.0",
      "dependencies": {
        "@sveltejs/acorn-typescript": "^1.0.0",
        "acorn": "^8.15.0",
        "esrap": "^2.3.0",
        "is-reference": "^3.0.0",
        "source-map": "^0.7.4",
        "zimmerframe": "^1.1.0"
      },
      "bin": {
        "vesk": "bin/vesk"
      },
      "devDependencies": {
        "typescript": "^5.8.0"
      }
    },
    "../packages/plugin-tailwind": {
      "name": "@vesk/plugin-tailwind",
      "version": "0.1.0",
      "dependencies": {
        "@tailwindcss/node": "^4.0.0",
        "@tailwindcss/oxide": "^4.0.0"
      }
    },
    "../packages/runtime": {
      "name": "@vesk/runtime",
      "version": "0.1.0",
      "devDependencies": {
        "typescript": "^5.8.0"
      }
    },
    "node_modules/@types/node": {
      "version": "26.1.2",
      "resolved": "https://registry.npmjs.org/@types/node/-/node-26.1.2.tgz",
      "integrity": "sha512-Vu4a5UFA9rIIFJ7rB/Vaafh9lrCQszopTCx6KjFboXTGQbPNasehVR5TEiithSDGyd1DEiUByggTZsg8jukeIg==",
      "dev": true,
      "license": "MIT",
      "dependencies": {
        "undici-types": "~8.3.0"
      }
    },
    "node_modules/@vesk/adapter": {
      "resolved": "../packages/adapter",
      "link": true
    },
    "node_modules/@vesk/cli": {
      "resolved": "../packages/cli",
      "link": true
    },
    "node_modules/@vesk/compiler": {
      "resolved": "../packages/compiler",
      "link": true
    },
    "node_modules/@vesk/plugin-tailwind": {
      "resolved": "../packages/plugin-tailwind",
      "link": true
    },
    "node_modules/@vesk/runtime": {
      "resolved": "../packages/runtime",
      "link": true
    },
    "node_modules/tailwindcss": {
      "version": "4.3.3",
      "resolved": "https://registry.npmjs.org/tailwindcss/-/tailwindcss-4.3.3.tgz",
      "integrity": "sha512-gOhV3P7ufE62QDGg1zVaTgCR+EtPv92k2nIhVcVKcLmxT1sUBsQGhnZj175j+MqRt4zLF7ic+sCYjfhxMxj7YQ==",
      "dev": true,
      "license": "MIT"
    },
    "node_modules/typescript": {
      "version": "5.9.3",
      "resolved": "https://registry.npmjs.org/typescript/-/typescript-5.9.3.tgz",
      "integrity": "sha512-jl1vZzPDinLr9eUt3J/t7V6FgNEw9QjvBPdysz9KfQDD41fQrC2Y4vKQdiaUpFT4bXlb1RHhLpp8wtm6M5TgSw==",
      "dev": true,
      "license": "Apache-2.0",
      "bin": {
        "tsc": "bin/tsc",
        "tsserver": "bin/tsserver"
      },
      "engines": {
        "node": ">=14.17"
      }
    },
    "node_modules/undici-types": {
      "version": "8.3.0",
      "resolved": "https://registry.npmjs.org/undici-types/-/undici-types-8.3.0.tgz",
      "integrity": "sha512-j375ScV60dom+YkPFIfTLcOiPxkN/buHz5GobjLhixFuANaNs3C9l4GmrWqejgXWJ7BbJcFYpTEUkS1Ge8bpZQ==",
      "dev": true,
      "license": "MIT"
    }
  }
}
